// !$*UTF8*$!
{
	archiveVersion = 1;
	classes = {
	};
	objectVersion = 50;
	objects = {

/* Begin PBXBuildFile section */
		4A99F85B72C32DF2209BADB7 /* Pods_iosApp.framework in Frameworks */ = {isa = PBXBuildFile; fileRef = E889EF35A722F55AE8F070DC /* Pods_iosApp.framework */; };
		872B7D2C2420C7FE00DEBC27 /* Foundation.framework in Frameworks */ = {isa = PBXBuildFile; fileRef = 872B7D2B2420C7FE00DEBC27 /* Foundation.framework */; };
		8746C99F2426EFA900F0DF4D /* Environment.swift in Sources */ = {isa = PBXBuildFile; fileRef = 8746C99E2426EFA900F0DF4D /* Environment.swift */; };
		8779ABE9242A196F000F0A1F /* StartMultiConfig.swift in Sources */ = {isa = PBXBuildFile; fileRef = 8779ABE8242A196F000F0A1F /* StartMultiConfig.swift */; };
		8779ABF1242F1D00000F0A1F /* ListItemConfigurationCell.swift in Sources */ = {isa = PBXBuildFile; fileRef = 8779ABF0242F1CFF000F0A1F /* ListItemConfigurationCell.swift */; };
		8779AC042430459C000F0A1F /* Localizable.strings in Resources */ = {isa = PBXBuildFile; fileRef = 8779AC032430459C000F0A1F /* Localizable.strings */; };
		8779AC0624304893000F0A1F /* Box.swift in Sources */ = {isa = PBXBuildFile; fileRef = 8779AC0524304893000F0A1F /* Box.swift */; };
		8779AC08243048E0000F0A1F /* ConfigurationViewModel.swift in Sources */ = {isa = PBXBuildFile; fileRef = 8779AC07243048E0000F0A1F /* ConfigurationViewModel.swift */; };
		8779AC0A24304F73000F0A1F /* ConfigurationState.swift in Sources */ = {isa = PBXBuildFile; fileRef = 8779AC0924304F73000F0A1F /* ConfigurationState.swift */; };
		8779AC0C24307DBB000F0A1F /* ConfigurationViewDataSource.swift in Sources */ = {isa = PBXBuildFile; fileRef = 8779AC0B24307DBB000F0A1F /* ConfigurationViewDataSource.swift */; };
		8779AC0E24307DF8000F0A1F /* ConfigurationViewDelegate.swift in Sources */ = {isa = PBXBuildFile; fileRef = 8779AC0D24307DF8000F0A1F /* ConfigurationViewDelegate.swift */; };
		B5B468BE0022438AB889C6E6 /* Pods_iosAppTests.framework in Frameworks */ = {isa = PBXBuildFile; fileRef = 8E2D89B816F141BE3C1AA76E /* Pods_iosAppTests.framework */; };
		F861D7E1207FA40F0085E80D /* AppDelegate.swift in Sources */ = {isa = PBXBuildFile; fileRef = F861D7E0207FA40F0085E80D /* AppDelegate.swift */; };
		F861D7E3207FA40F0085E80D /* ConfigurationController.swift in Sources */ = {isa = PBXBuildFile; fileRef = F861D7E2207FA40F0085E80D /* ConfigurationController.swift */; };
		F861D7E6207FA40F0085E80D /* Main.storyboard in Resources */ = {isa = PBXBuildFile; fileRef = F861D7E4207FA40F0085E80D /* Main.storyboard */; };
		F861D7EB207FA4100085E80D /* LaunchScreen.storyboard in Resources */ = {isa = PBXBuildFile; fileRef = F861D7E9207FA4100085E80D /* LaunchScreen.storyboard */; };
		F861D7F6207FA4100085E80D /* iosAppTests.swift in Sources */ = {isa = PBXBuildFile; fileRef = F861D7F5207FA4100085E80D /* iosAppTests.swift */; };
		F861D80C207FA4200085E80D /* app.framework in Frameworks */ = {isa = PBXBuildFile; fileRef = F861D805207FA4200085E80D /* app.framework */; };
		F861D80D207FA4200085E80D /* app.framework in Embed Frameworks */ = {isa = PBXBuildFile; fileRef = F861D805207FA4200085E80D /* app.framework */; settings = {ATTRIBUTES = (CodeSignOnCopy, RemoveHeadersOnCopy, ); }; };
		FF8B204CDF5433D2B7D4F6AB /* Pods_app.framework in Frameworks */ = {isa = PBXBuildFile; fileRef = C5E141AE3E9417A1124B65D8 /* Pods_app.framework */; };
/* End PBXBuildFile section */

/* Begin PBXContainerItemProxy section */
		F861D7F2207FA4100085E80D /* PBXContainerItemProxy */ = {
			isa = PBXContainerItemProxy;
			containerPortal = F861D7D5207FA40F0085E80D /* Project object */;
			proxyType = 1;
			remoteGlobalIDString = F861D7DC207FA40F0085E80D;
			remoteInfo = iosApp;
		};
		F861D80A207FA4200085E80D /* PBXContainerItemProxy */ = {
			isa = PBXContainerItemProxy;
			containerPortal = F861D7D5207FA40F0085E80D /* Project object */;
			proxyType = 1;
			remoteGlobalIDString = F861D804207FA4200085E80D;
			remoteInfo = app;
		};
/* End PBXContainerItemProxy section */

/* Begin PBXCopyFilesBuildPhase section */
		F861D811207FA4200085E80D /* Embed Frameworks */ = {
			isa = PBXCopyFilesBuildPhase;
			buildActionMask = 2147483647;
			dstPath = "";
			dstSubfolderSpec = 10;
			files = (
				F861D80D207FA4200085E80D /* app.framework in Embed Frameworks */,
			);
			name = "Embed Frameworks";
			runOnlyForDeploymentPostprocessing = 0;
		};
/* End PBXCopyFilesBuildPhase section */

/* Begin PBXFileReference section */
		08FCA3DC0B114B9D14BBE838 /* Pods-app.debug.xcconfig */ = {isa = PBXFileReference; includeInIndex = 1; lastKnownFileType = text.xcconfig; name = "Pods-app.debug.xcconfig"; path = "Target Support Files/Pods-app/Pods-app.debug.xcconfig"; sourceTree = "<group>"; };
		173133E0DBAFA042D2186097 /* Pods-iosAppTests.debug.xcconfig */ = {isa = PBXFileReference; includeInIndex = 1; lastKnownFileType = text.xcconfig; name = "Pods-iosAppTests.debug.xcconfig"; path = "Target Support Files/Pods-iosAppTests/Pods-iosAppTests.debug.xcconfig"; sourceTree = "<group>"; };
		74BB4CC789C2CB52074ED3ED /* Pods-iosApp.release.xcconfig */ = {isa = PBXFileReference; includeInIndex = 1; lastKnownFileType = text.xcconfig; name = "Pods-iosApp.release.xcconfig"; path = "Target Support Files/Pods-iosApp/Pods-iosApp.release.xcconfig"; sourceTree = "<group>"; };
		872B7D2B2420C7FE00DEBC27 /* Foundation.framework */ = {isa = PBXFileReference; lastKnownFileType = wrapper.framework; name = Foundation.framework; path = System/Library/Frameworks/Foundation.framework; sourceTree = SDKROOT; };
		8746C99E2426EFA900F0DF4D /* Environment.swift */ = {isa = PBXFileReference; lastKnownFileType = sourcecode.swift; path = Environment.swift; sourceTree = "<group>"; };
		8779ABE8242A196F000F0A1F /* StartMultiConfig.swift */ = {isa = PBXFileReference; lastKnownFileType = sourcecode.swift; path = StartMultiConfig.swift; sourceTree = "<group>"; };
		8779ABF0242F1CFF000F0A1F /* ListItemConfigurationCell.swift */ = {isa = PBXFileReference; lastKnownFileType = sourcecode.swift; path = ListItemConfigurationCell.swift; sourceTree = "<group>"; };
		8779AC00243042C0000F0A1F /* en */ = {isa = PBXFileReference; lastKnownFileType = text.plist.strings; name = en; path = en.lproj/Main.strings; sourceTree = "<group>"; };
		8779AC032430459C000F0A1F /* Localizable.strings */ = {isa = PBXFileReference; lastKnownFileType = text.plist.strings; path = Localizable.strings; sourceTree = "<group>"; };
		8779AC0524304893000F0A1F /* Box.swift */ = {isa = PBXFileReference; lastKnownFileType = sourcecode.swift; path = Box.swift; sourceTree = "<group>"; };
		8779AC07243048E0000F0A1F /* ConfigurationViewModel.swift */ = {isa = PBXFileReference; lastKnownFileType = sourcecode.swift; path = ConfigurationViewModel.swift; sourceTree = "<group>"; };
		8779AC0924304F73000F0A1F /* ConfigurationState.swift */ = {isa = PBXFileReference; lastKnownFileType = sourcecode.swift; path = ConfigurationState.swift; sourceTree = "<group>"; };
		8779AC0B24307DBB000F0A1F /* ConfigurationViewDataSource.swift */ = {isa = PBXFileReference; lastKnownFileType = sourcecode.swift; path = ConfigurationViewDataSource.swift; sourceTree = "<group>"; };
		8779AC0D24307DF8000F0A1F /* ConfigurationViewDelegate.swift */ = {isa = PBXFileReference; lastKnownFileType = sourcecode.swift; path = ConfigurationViewDelegate.swift; sourceTree = "<group>"; };
		8E2D89B816F141BE3C1AA76E /* Pods_iosAppTests.framework */ = {isa = PBXFileReference; explicitFileType = wrapper.framework; includeInIndex = 0; path = Pods_iosAppTests.framework; sourceTree = BUILT_PRODUCTS_DIR; };
		9A9A6A1A9D392D3042F67C14 /* Pods-iosAppTests.release.xcconfig */ = {isa = PBXFileReference; includeInIndex = 1; lastKnownFileType = text.xcconfig; name = "Pods-iosAppTests.release.xcconfig"; path = "Target Support Files/Pods-iosAppTests/Pods-iosAppTests.release.xcconfig"; sourceTree = "<group>"; };
		A88F0F7D54C97420B2EF34E9 /* Pods-iosApp.debug.xcconfig */ = {isa = PBXFileReference; includeInIndex = 1; lastKnownFileType = text.xcconfig; name = "Pods-iosApp.debug.xcconfig"; path = "Target Support Files/Pods-iosApp/Pods-iosApp.debug.xcconfig"; sourceTree = "<group>"; };
		C5E141AE3E9417A1124B65D8 /* Pods_app.framework */ = {isa = PBXFileReference; explicitFileType = wrapper.framework; includeInIndex = 0; path = Pods_app.framework; sourceTree = BUILT_PRODUCTS_DIR; };
		E889EF35A722F55AE8F070DC /* Pods_iosApp.framework */ = {isa = PBXFileReference; explicitFileType = wrapper.framework; includeInIndex = 0; path = Pods_iosApp.framework; sourceTree = BUILT_PRODUCTS_DIR; };
		F2C8A7ED1F0635966203BFC7 /* Pods-app.release.xcconfig */ = {isa = PBXFileReference; includeInIndex = 1; lastKnownFileType = text.xcconfig; name = "Pods-app.release.xcconfig"; path = "Target Support Files/Pods-app/Pods-app.release.xcconfig"; sourceTree = "<group>"; };
		F861D7DD207FA40F0085E80D /* multiconfig.app */ = {isa = PBXFileReference; explicitFileType = wrapper.application; includeInIndex = 0; path = multiconfig.app; sourceTree = BUILT_PRODUCTS_DIR; };
		F861D7E0207FA40F0085E80D /* AppDelegate.swift */ = {isa = PBXFileReference; lastKnownFileType = sourcecode.swift; path = AppDelegate.swift; sourceTree = "<group>"; };
		F861D7E2207FA40F0085E80D /* ConfigurationController.swift */ = {isa = PBXFileReference; lastKnownFileType = sourcecode.swift; path = ConfigurationController.swift; sourceTree = "<group>"; };
		F861D7E5207FA40F0085E80D /* Base */ = {isa = PBXFileReference; lastKnownFileType = file.storyboard; name = Base; path = Base.lproj/Main.storyboard; sourceTree = "<group>"; };
		F861D7EA207FA4100085E80D /* Base */ = {isa = PBXFileReference; lastKnownFileType = file.storyboard; name = Base; path = Base.lproj/LaunchScreen.storyboard; sourceTree = "<group>"; };
		F861D7EC207FA4100085E80D /* Info.plist */ = {isa = PBXFileReference; lastKnownFileType = text.plist.xml; path = Info.plist; sourceTree = "<group>"; };
		F861D7F1207FA4100085E80D /* iosAppTests.xctest */ = {isa = PBXFileReference; explicitFileType = wrapper.cfbundle; includeInIndex = 0; path = iosAppTests.xctest; sourceTree = BUILT_PRODUCTS_DIR; };
		F861D7F5207FA4100085E80D /* iosAppTests.swift */ = {isa = PBXFileReference; lastKnownFileType = sourcecode.swift; path = iosAppTests.swift; sourceTree = "<group>"; };
		F861D7F7207FA4100085E80D /* Info.plist */ = {isa = PBXFileReference; lastKnownFileType = text.plist.xml; path = Info.plist; sourceTree = "<group>"; };
		F861D805207FA4200085E80D /* app.framework */ = {isa = PBXFileReference; explicitFileType = wrapper.framework; includeInIndex = 0; path = app.framework; sourceTree = BUILT_PRODUCTS_DIR; };
		F861D813207FA4520085E80D /* app */ = {isa = PBXFileReference; lastKnownFileType = folder; name = app; path = ../app; sourceTree = "<group>"; };
/* End PBXFileReference section */

/* Begin PBXFrameworksBuildPhase section */
		DD7D113B3F61A9322663663F /* Frameworks */ = {
			isa = PBXFrameworksBuildPhase;
			buildActionMask = 2147483647;
			files = (
				FF8B204CDF5433D2B7D4F6AB /* Pods_app.framework in Frameworks */,
			);
			runOnlyForDeploymentPostprocessing = 0;
		};
		F861D7DA207FA40F0085E80D /* Frameworks */ = {
			isa = PBXFrameworksBuildPhase;
			buildActionMask = 2147483647;
			files = (
				872B7D2C2420C7FE00DEBC27 /* Foundation.framework in Frameworks */,
				F861D80C207FA4200085E80D /* app.framework in Frameworks */,
				4A99F85B72C32DF2209BADB7 /* Pods_iosApp.framework in Frameworks */,
			);
			runOnlyForDeploymentPostprocessing = 0;
		};
		F861D7EE207FA4100085E80D /* Frameworks */ = {
			isa = PBXFrameworksBuildPhase;
			buildActionMask = 2147483647;
			files = (
				B5B468BE0022438AB889C6E6 /* Pods_iosAppTests.framework in Frameworks */,
			);
			runOnlyForDeploymentPostprocessing = 0;
		};
/* End PBXFrameworksBuildPhase section */

/* Begin PBXGroup section */
		0118520E854B45FFBDC04411 /* Frameworks */ = {
			isa = PBXGroup;
			children = (
				872B7D2B2420C7FE00DEBC27 /* Foundation.framework */,
				C5E141AE3E9417A1124B65D8 /* Pods_app.framework */,
				E889EF35A722F55AE8F070DC /* Pods_iosApp.framework */,
				8E2D89B816F141BE3C1AA76E /* Pods_iosAppTests.framework */,
			);
			name = Frameworks;
			sourceTree = "<group>";
		};
		245E50A2B23F2926953927E7 /* Pods */ = {
			isa = PBXGroup;
			children = (
				08FCA3DC0B114B9D14BBE838 /* Pods-app.debug.xcconfig */,
				F2C8A7ED1F0635966203BFC7 /* Pods-app.release.xcconfig */,
				A88F0F7D54C97420B2EF34E9 /* Pods-iosApp.debug.xcconfig */,
				74BB4CC789C2CB52074ED3ED /* Pods-iosApp.release.xcconfig */,
				173133E0DBAFA042D2186097 /* Pods-iosAppTests.debug.xcconfig */,
				9A9A6A1A9D392D3042F67C14 /* Pods-iosAppTests.release.xcconfig */,
			);
			path = Pods;
			sourceTree = "<group>";
		};
		8779AC0F2430882B000F0A1F /* Configuration */ = {
			isa = PBXGroup;
			children = (
				8779AC11243088BC000F0A1F /* Controllers */,
				8779AC12243088E7000F0A1F /* ViewModels */,
				8779AC1324308913000F0A1F /* Views */,
			);
			path = Configuration;
			sourceTree = "<group>";
		};
		8779AC1024308868000F0A1F /* App */ = {
			isa = PBXGroup;
			children = (
				8779AC142430895A000F0A1F /* AppDelegate */,
				8779AC162430899E000F0A1F /* Supporting Files */,
				8779AC17243089CD000F0A1F /* Utils */,
				8779AC1524308981000F0A1F /* Views */,
			);
			path = App;
			sourceTree = "<group>";
		};
		8779AC11243088BC000F0A1F /* Controllers */ = {
			isa = PBXGroup;
			children = (
				F861D7E2207FA40F0085E80D /* ConfigurationController.swift */,
			);
			path = Controllers;
			sourceTree = "<group>";
		};
		8779AC12243088E7000F0A1F /* ViewModels */ = {
			isa = PBXGroup;
			children = (
				8779AC07243048E0000F0A1F /* ConfigurationViewModel.swift */,
			);
			path = ViewModels;
			sourceTree = "<group>";
		};
		8779AC1324308913000F0A1F /* Views */ = {
			isa = PBXGroup;
			children = (
				8779AC0924304F73000F0A1F /* ConfigurationState.swift */,
				8779AC0B24307DBB000F0A1F /* ConfigurationViewDataSource.swift */,
				8779AC0D24307DF8000F0A1F /* ConfigurationViewDelegate.swift */,
				8779ABF0242F1CFF000F0A1F /* ListItemConfigurationCell.swift */,
			);
			path = Views;
			sourceTree = "<group>";
		};
		8779AC142430895A000F0A1F /* AppDelegate */ = {
			isa = PBXGroup;
			children = (
				F861D7E0207FA40F0085E80D /* AppDelegate.swift */,
			);
			path = AppDelegate;
			sourceTree = "<group>";
		};
		8779AC1524308981000F0A1F /* Views */ = {
			isa = PBXGroup;
			children = (
				F861D7E4207FA40F0085E80D /* Main.storyboard */,
				F861D7E9207FA4100085E80D /* LaunchScreen.storyboard */,
			);
			path = Views;
			sourceTree = "<group>";
		};
		8779AC162430899E000F0A1F /* Supporting Files */ = {
			isa = PBXGroup;
			children = (
				8779AC032430459C000F0A1F /* Localizable.strings */,
			);
			path = "Supporting Files";
			sourceTree = "<group>";
		};
		8779AC17243089CD000F0A1F /* Utils */ = {
			isa = PBXGroup;
			children = (
				8746C99E2426EFA900F0DF4D /* Environment.swift */,
				8779ABE8242A196F000F0A1F /* StartMultiConfig.swift */,
				8779AC0524304893000F0A1F /* Box.swift */,
			);
			path = Utils;
			sourceTree = "<group>";
		};
		F861D7D4207FA40F0085E80D = {
			isa = PBXGroup;
			children = (
				F861D813207FA4520085E80D /* app */,
				F861D7DF207FA40F0085E80D /* iosApp */,
				F861D7F4207FA4100085E80D /* iosAppTests */,
				F861D7DE207FA40F0085E80D /* Products */,
				245E50A2B23F2926953927E7 /* Pods */,
				0118520E854B45FFBDC04411 /* Frameworks */,
			);
			sourceTree = "<group>";
		};
		F861D7DE207FA40F0085E80D /* Products */ = {
			isa = PBXGroup;
			children = (
				F861D7DD207FA40F0085E80D /* multiconfig.app */,
				F861D7F1207FA4100085E80D /* iosAppTests.xctest */,
				F861D805207FA4200085E80D /* app.framework */,
			);
			name = Products;
			sourceTree = "<group>";
		};
		F861D7DF207FA40F0085E80D /* iosApp */ = {
			isa = PBXGroup;
			children = (
				F861D7EC207FA4100085E80D /* Info.plist */,
				8779AC1024308868000F0A1F /* App */,
				8779AC0F2430882B000F0A1F /* Configuration */,
			);
			path = iosApp;
			sourceTree = "<group>";
		};
		F861D7F4207FA4100085E80D /* iosAppTests */ = {
			isa = PBXGroup;
			children = (
				F861D7F5207FA4100085E80D /* iosAppTests.swift */,
				F861D7F7207FA4100085E80D /* Info.plist */,
			);
			path = iosAppTests;
			sourceTree = "<group>";
		};
/* End PBXGroup section */

/* Begin PBXNativeTarget section */
		F861D7DC207FA40F0085E80D /* iosApp */ = {
			isa = PBXNativeTarget;
			buildConfigurationList = F861D7FA207FA4100085E80D /* Build configuration list for PBXNativeTarget "iosApp" */;
			buildPhases = (
				E84F57E42B20C3CF3664135A /* [CP] Check Pods Manifest.lock */,
				F861D7D9207FA40F0085E80D /* Sources */,
				F861D7DA207FA40F0085E80D /* Frameworks */,
				F861D7DB207FA40F0085E80D /* Resources */,
				F861D811207FA4200085E80D /* Embed Frameworks */,
			);
			buildRules = (
			);
			dependencies = (
				F861D80B207FA4200085E80D /* PBXTargetDependency */,
			);
			name = iosApp;
			productName = iosApp;
			productReference = F861D7DD207FA40F0085E80D /* multiconfig.app */;
			productType = "com.apple.product-type.application";
		};
		F861D7F0207FA4100085E80D /* iosAppTests */ = {
			isa = PBXNativeTarget;
			buildConfigurationList = F861D7FD207FA4100085E80D /* Build configuration list for PBXNativeTarget "iosAppTests" */;
			buildPhases = (
				D61188844418BAED418D76D4 /* [CP] Check Pods Manifest.lock */,
				F861D7ED207FA4100085E80D /* Sources */,
				F861D7EE207FA4100085E80D /* Frameworks */,
				F861D7EF207FA4100085E80D /* Resources */,
			);
			buildRules = (
			);
			dependencies = (
				F861D7F3207FA4100085E80D /* PBXTargetDependency */,
			);
			name = iosAppTests;
			productName = iosAppTests;
			productReference = F861D7F1207FA4100085E80D /* iosAppTests.xctest */;
			productType = "com.apple.product-type.bundle.unit-test";
		};
		F861D804207FA4200085E80D /* app */ = {
			isa = PBXNativeTarget;
			buildConfigurationList = F861D80E207FA4200085E80D /* Build configuration list for PBXNativeTarget "app" */;
			buildPhases = (
				5A3F4C9B96C9927AD5974245 /* [CP] Check Pods Manifest.lock */,
				F861D812207FA4320085E80D /* ShellScript */,
				DD7D113B3F61A9322663663F /* Frameworks */,
			);
			buildRules = (
			);
			dependencies = (
			);
			name = app;
			productName = app;
			productReference = F861D805207FA4200085E80D /* app.framework */;
			productType = "com.apple.product-type.framework";
		};
/* End PBXNativeTarget section */

/* Begin PBXProject section */
		F861D7D5207FA40F0085E80D /* Project object */ = {
			isa = PBXProject;
			attributes = {
				LastSwiftUpdateCheck = 0930;
				LastUpgradeCheck = 0930;
				TargetAttributes = {
					F861D7DC207FA40F0085E80D = {
						CreatedOnToolsVersion = 9.3;
					};
					F861D7F0207FA4100085E80D = {
						CreatedOnToolsVersion = 9.3;
						TestTargetID = F861D7DC207FA40F0085E80D;
					};
					F861D804207FA4200085E80D = {
						CreatedOnToolsVersion = 9.3;
					};
				};
			};
			buildConfigurationList = F861D7D8207FA40F0085E80D /* Build configuration list for PBXProject "iosApp" */;
			compatibilityVersion = "Xcode 9.3";
			developmentRegion = en;
			hasScannedForEncodings = 0;
			knownRegions = (
				en,
				Base,
			);
			mainGroup = F861D7D4207FA40F0085E80D;
			productRefGroup = F861D7DE207FA40F0085E80D /* Products */;
			projectDirPath = "";
			projectRoot = "";
			targets = (
				F861D7DC207FA40F0085E80D /* iosApp */,
				F861D7F0207FA4100085E80D /* iosAppTests */,
				F861D804207FA4200085E80D /* app */,
			);
		};
/* End PBXProject section */

/* Begin PBXResourcesBuildPhase section */
		F861D7DB207FA40F0085E80D /* Resources */ = {
			isa = PBXResourcesBuildPhase;
			buildActionMask = 2147483647;
			files = (
				F861D7EB207FA4100085E80D /* LaunchScreen.storyboard in Resources */,
				8779AC042430459C000F0A1F /* Localizable.strings in Resources */,
				F861D7E6207FA40F0085E80D /* Main.storyboard in Resources */,
			);
			runOnlyForDeploymentPostprocessing = 0;
		};
		F861D7EF207FA4100085E80D /* Resources */ = {
			isa = PBXResourcesBuildPhase;
			buildActionMask = 2147483647;
			files = (
			);
			runOnlyForDeploymentPostprocessing = 0;
		};
/* End PBXResourcesBuildPhase section */

/* Begin PBXShellScriptBuildPhase section */
		5A3F4C9B96C9927AD5974245 /* [CP] Check Pods Manifest.lock */ = {
			isa = PBXShellScriptBuildPhase;
			buildActionMask = 2147483647;
			files = (
			);
			inputFileListPaths = (
			);
			inputPaths = (
				"${PODS_PODFILE_DIR_PATH}/Podfile.lock",
				"${PODS_ROOT}/Manifest.lock",
			);
			name = "[CP] Check Pods Manifest.lock";
			outputFileListPaths = (
			);
			outputPaths = (
				"$(DERIVED_FILE_DIR)/Pods-app-checkManifestLockResult.txt",
			);
			runOnlyForDeploymentPostprocessing = 0;
			shellPath = /bin/sh;
			shellScript = "diff \"${PODS_PODFILE_DIR_PATH}/Podfile.lock\" \"${PODS_ROOT}/Manifest.lock\" > /dev/null\nif [ $? != 0 ] ; then\n    # print error to STDERR\n    echo \"error: The sandbox is not in sync with the Podfile.lock. Run 'pod install' or update your CocoaPods installation.\" >&2\n    exit 1\nfi\n# This output is used by Xcode 'outputs' to avoid re-running this script phase.\necho \"SUCCESS\" > \"${SCRIPT_OUTPUT_FILE_0}\"\n";
			showEnvVarsInLog = 0;
		};
		D61188844418BAED418D76D4 /* [CP] Check Pods Manifest.lock */ = {
			isa = PBXShellScriptBuildPhase;
			buildActionMask = 2147483647;
			files = (
			);
			inputFileListPaths = (
			);
			inputPaths = (
				"${PODS_PODFILE_DIR_PATH}/Podfile.lock",
				"${PODS_ROOT}/Manifest.lock",
			);
			name = "[CP] Check Pods Manifest.lock";
			outputFileListPaths = (
			);
			outputPaths = (
				"$(DERIVED_FILE_DIR)/Pods-iosAppTests-checkManifestLockResult.txt",
			);
			runOnlyForDeploymentPostprocessing = 0;
			shellPath = /bin/sh;
			shellScript = "diff \"${PODS_PODFILE_DIR_PATH}/Podfile.lock\" \"${PODS_ROOT}/Manifest.lock\" > /dev/null\nif [ $? != 0 ] ; then\n    # print error to STDERR\n    echo \"error: The sandbox is not in sync with the Podfile.lock. Run 'pod install' or update your CocoaPods installation.\" >&2\n    exit 1\nfi\n# This output is used by Xcode 'outputs' to avoid re-running this script phase.\necho \"SUCCESS\" > \"${SCRIPT_OUTPUT_FILE_0}\"\n";
			showEnvVarsInLog = 0;
		};
		E84F57E42B20C3CF3664135A /* [CP] Check Pods Manifest.lock */ = {
			isa = PBXShellScriptBuildPhase;
			buildActionMask = 2147483647;
			files = (
			);
			inputFileListPaths = (
			);
			inputPaths = (
				"${PODS_PODFILE_DIR_PATH}/Podfile.lock",
				"${PODS_ROOT}/Manifest.lock",
			);
			name = "[CP] Check Pods Manifest.lock";
			outputFileListPaths = (
			);
			outputPaths = (
				"$(DERIVED_FILE_DIR)/Pods-iosApp-checkManifestLockResult.txt",
			);
			runOnlyForDeploymentPostprocessing = 0;
			shellPath = /bin/sh;
			shellScript = "diff \"${PODS_PODFILE_DIR_PATH}/Podfile.lock\" \"${PODS_ROOT}/Manifest.lock\" > /dev/null\nif [ $? != 0 ] ; then\n    # print error to STDERR\n    echo \"error: The sandbox is not in sync with the Podfile.lock. Run 'pod install' or update your CocoaPods installation.\" >&2\n    exit 1\nfi\n# This output is used by Xcode 'outputs' to avoid re-running this script phase.\necho \"SUCCESS\" > \"${SCRIPT_OUTPUT_FILE_0}\"\n";
			showEnvVarsInLog = 0;
		};
		F861D812207FA4320085E80D /* ShellScript */ = {
			isa = PBXShellScriptBuildPhase;
			buildActionMask = 2147483647;
			files = (
			);
			inputPaths = (
			);
			outputPaths = (
			);
			runOnlyForDeploymentPostprocessing = 0;
			shellPath = /bin/sh;
			shellScript = "\"$SRCROOT/../gradlew\" -p \"$SRCROOT/../app\" copyFramework \\\n-Pconfiguration.build.dir=\"$CONFIGURATION_BUILD_DIR\"          \\\n-Pkotlin.build.type=\"$KOTLIN_BUILD_TYPE\"                      \\\n-Pkotlin.target=\"$KOTLIN_TARGET\"";
		};
/* End PBXShellScriptBuildPhase section */

/* Begin PBXSourcesBuildPhase section */
		F861D7D9207FA40F0085E80D /* Sources */ = {
			isa = PBXSourcesBuildPhase;
			buildActionMask = 2147483647;
			files = (
				8779ABE9242A196F000F0A1F /* StartMultiConfig.swift in Sources */,
				8779AC08243048E0000F0A1F /* ConfigurationViewModel.swift in Sources */,
				8779AC0E24307DF8000F0A1F /* ConfigurationViewDelegate.swift in Sources */,
				F861D7E3207FA40F0085E80D /* ConfigurationController.swift in Sources */,
				8746C99F2426EFA900F0DF4D /* Environment.swift in Sources */,
				8779AC0A24304F73000F0A1F /* ConfigurationState.swift in Sources */,
				8779AC0624304893000F0A1F /* Box.swift in Sources */,
				F861D7E1207FA40F0085E80D /* AppDelegate.swift in Sources */,
				8779AC0C24307DBB000F0A1F /* ConfigurationViewDataSource.swift in Sources */,
				8779ABF1242F1D00000F0A1F /* ListItemConfigurationCell.swift in Sources */,
			);
			runOnlyForDeploymentPostprocessing = 0;
		};
		F861D7ED207FA4100085E80D /* Sources */ = {
			isa = PBXSourcesBuildPhase;
			buildActionMask = 2147483647;
			files = (
				F861D7F6207FA4100085E80D /* iosAppTests.swift in Sources */,
			);
			runOnlyForDeploymentPostprocessing = 0;
		};
/* End PBXSourcesBuildPhase section */

/* Begin PBXTargetDependency section */
		F861D7F3207FA4100085E80D /* PBXTargetDependency */ = {
			isa = PBXTargetDependency;
			target = F861D7DC207FA40F0085E80D /* iosApp */;
			targetProxy = F861D7F2207FA4100085E80D /* PBXContainerItemProxy */;
		};
		F861D80B207FA4200085E80D /* PBXTargetDependency */ = {
			isa = PBXTargetDependency;
			target = F861D804207FA4200085E80D /* app */;
			targetProxy = F861D80A207FA4200085E80D /* PBXContainerItemProxy */;
		};
/* End PBXTargetDependency section */

/* Begin PBXVariantGroup section */
		F861D7E4207FA40F0085E80D /* Main.storyboard */ = {
			isa = PBXVariantGroup;
			children = (
				F861D7E5207FA40F0085E80D /* Base */,
				8779AC00243042C0000F0A1F /* en */,
			);
			name = Main.storyboard;
			sourceTree = "<group>";
		};
		F861D7E9207FA4100085E80D /* LaunchScreen.storyboard */ = {
			isa = PBXVariantGroup;
			children = (
				F861D7EA207FA4100085E80D /* Base */,
			);
			name = LaunchScreen.storyboard;
			sourceTree = "<group>";
		};
/* End PBXVariantGroup section */

/* Begin XCBuildConfiguration section */
		F861D7F8207FA4100085E80D /* Debug */ = {
			isa = XCBuildConfiguration;
			buildSettings = {
				ALWAYS_SEARCH_USER_PATHS = NO;
				CLANG_ANALYZER_NONNULL = YES;
				CLANG_ANALYZER_NUMBER_OBJECT_CONVERSION = YES_AGGRESSIVE;
				CLANG_CXX_LANGUAGE_STANDARD = "gnu++14";
				CLANG_CXX_LIBRARY = "libc++";
				CLANG_ENABLE_MODULES = YES;
				CLANG_ENABLE_OBJC_ARC = YES;
				CLANG_ENABLE_OBJC_WEAK = YES;
				CLANG_WARN_BLOCK_CAPTURE_AUTORELEASING = YES;
				CLANG_WARN_BOOL_CONVERSION = YES;
				CLANG_WARN_COMMA = YES;
				CLANG_WARN_CONSTANT_CONVERSION = YES;
				CLANG_WARN_DEPRECATED_OBJC_IMPLEMENTATIONS = YES;
				CLANG_WARN_DIRECT_OBJC_ISA_USAGE = YES_ERROR;
				CLANG_WARN_DOCUMENTATION_COMMENTS = YES;
				CLANG_WARN_EMPTY_BODY = YES;
				CLANG_WARN_ENUM_CONVERSION = YES;
				CLANG_WARN_INFINITE_RECURSION = YES;
				CLANG_WARN_INT_CONVERSION = YES;
				CLANG_WARN_NON_LITERAL_NULL_CONVERSION = YES;
				CLANG_WARN_OBJC_IMPLICIT_RETAIN_SELF = YES;
				CLANG_WARN_OBJC_LITERAL_CONVERSION = YES;
				CLANG_WARN_OBJC_ROOT_CLASS = YES_ERROR;
				CLANG_WARN_RANGE_LOOP_ANALYSIS = YES;
				CLANG_WARN_STRICT_PROTOTYPES = YES;
				CLANG_WARN_SUSPICIOUS_MOVE = YES;
				CLANG_WARN_UNGUARDED_AVAILABILITY = YES_AGGRESSIVE;
				CLANG_WARN_UNREACHABLE_CODE = YES;
				CLANG_WARN__DUPLICATE_METHOD_MATCH = YES;
				CODE_SIGN_IDENTITY = "iPhone Developer";
				COPY_PHASE_STRIP = NO;
				DEBUG_INFORMATION_FORMAT = dwarf;
				ENABLE_BITCODE = NO;
				ENABLE_STRICT_OBJC_MSGSEND = YES;
				ENABLE_TESTABILITY = YES;
				GCC_C_LANGUAGE_STANDARD = gnu11;
				GCC_DYNAMIC_NO_PIC = NO;
				GCC_NO_COMMON_BLOCKS = YES;
				GCC_OPTIMIZATION_LEVEL = 0;
				GCC_PREPROCESSOR_DEFINITIONS = (
					"DEBUG=1",
					"$(inherited)",
				);
				GCC_WARN_64_TO_32_BIT_CONVERSION = YES;
				GCC_WARN_ABOUT_RETURN_TYPE = YES_ERROR;
				GCC_WARN_UNDECLARED_SELECTOR = YES;
				GCC_WARN_UNINITIALIZED_AUTOS = YES_AGGRESSIVE;
				GCC_WARN_UNUSED_FUNCTION = YES;
				GCC_WARN_UNUSED_VARIABLE = YES;
				IPHONEOS_DEPLOYMENT_TARGET = 11.3;
				MTL_ENABLE_DEBUG_INFO = YES;
				ONLY_ACTIVE_ARCH = YES;
				OTHER_LDFLAGS = "-v";
				SDKROOT = iphoneos;
				SWIFT_ACTIVE_COMPILATION_CONDITIONS = DEBUG;
				SWIFT_OPTIMIZATION_LEVEL = "-Onone";
			};
			name = Debug;
		};
		F861D7F9207FA4100085E80D /* Release */ = {
			isa = XCBuildConfiguration;
			buildSettings = {
				ALWAYS_SEARCH_USER_PATHS = NO;
				CLANG_ANALYZER_NONNULL = YES;
				CLANG_ANALYZER_NUMBER_OBJECT_CONVERSION = YES_AGGRESSIVE;
				CLANG_CXX_LANGUAGE_STANDARD = "gnu++14";
				CLANG_CXX_LIBRARY = "libc++";
				CLANG_ENABLE_MODULES = YES;
				CLANG_ENABLE_OBJC_ARC = YES;
				CLANG_ENABLE_OBJC_WEAK = YES;
				CLANG_WARN_BLOCK_CAPTURE_AUTORELEASING = YES;
				CLANG_WARN_BOOL_CONVERSION = YES;
				CLANG_WARN_COMMA = YES;
				CLANG_WARN_CONSTANT_CONVERSION = YES;
				CLANG_WARN_DEPRECATED_OBJC_IMPLEMENTATIONS = YES;
				CLANG_WARN_DIRECT_OBJC_ISA_USAGE = YES_ERROR;
				CLANG_WARN_DOCUMENTATION_COMMENTS = YES;
				CLANG_WARN_EMPTY_BODY = YES;
				CLANG_WARN_ENUM_CONVERSION = YES;
				CLANG_WARN_INFINITE_RECURSION = YES;
				CLANG_WARN_INT_CONVERSION = YES;
				CLANG_WARN_NON_LITERAL_NULL_CONVERSION = YES;
				CLANG_WARN_OBJC_IMPLICIT_RETAIN_SELF = YES;
				CLANG_WARN_OBJC_LITERAL_CONVERSION = YES;
				CLANG_WARN_OBJC_ROOT_CLASS = YES_ERROR;
				CLANG_WARN_RANGE_LOOP_ANALYSIS = YES;
				CLANG_WARN_STRICT_PROTOTYPES = YES;
				CLANG_WARN_SUSPICIOUS_MOVE = YES;
				CLANG_WARN_UNGUARDED_AVAILABILITY = YES_AGGRESSIVE;
				CLANG_WARN_UNREACHABLE_CODE = YES;
				CLANG_WARN__DUPLICATE_METHOD_MATCH = YES;
				CODE_SIGN_IDENTITY = "iPhone Developer";
				COPY_PHASE_STRIP = NO;
				DEBUG_INFORMATION_FORMAT = "dwarf-with-dsym";
				ENABLE_BITCODE = NO;
				ENABLE_NS_ASSERTIONS = NO;
				ENABLE_STRICT_OBJC_MSGSEND = YES;
				GCC_C_LANGUAGE_STANDARD = gnu11;
				GCC_NO_COMMON_BLOCKS = YES;
				GCC_WARN_64_TO_32_BIT_CONVERSION = YES;
				GCC_WARN_ABOUT_RETURN_TYPE = YES_ERROR;
				GCC_WARN_UNDECLARED_SELECTOR = YES;
				GCC_WARN_UNINITIALIZED_AUTOS = YES_AGGRESSIVE;
				GCC_WARN_UNUSED_FUNCTION = YES;
				GCC_WARN_UNUSED_VARIABLE = YES;
				IPHONEOS_DEPLOYMENT_TARGET = 11.3;
				MTL_ENABLE_DEBUG_INFO = NO;
				OTHER_LDFLAGS = "-v";
				SDKROOT = iphoneos;
				SWIFT_COMPILATION_MODE = wholemodule;
				SWIFT_OPTIMIZATION_LEVEL = "-O";
				VALIDATE_PRODUCT = YES;
			};
			name = Release;
		};
		F861D7FB207FA4100085E80D /* Debug */ = {
			isa = XCBuildConfiguration;
			baseConfigurationReference = A88F0F7D54C97420B2EF34E9 /* Pods-iosApp.debug.xcconfig */;
			buildSettings = {
				ASSETCATALOG_COMPILER_APPICON_NAME = AppIcon;
				CODE_SIGN_STYLE = Automatic;
				DEVELOPMENT_TEAM = W5L5PDU89L;
				ENABLE_BITCODE = NO;
				INFOPLIST_FILE = iosApp/Info.plist;
				LD_RUNPATH_SEARCH_PATHS = (
					"$(inherited)",
					"@executable_path/Frameworks",
				);
				OTHER_LDFLAGS = "-v";
				PRODUCT_BUNDLE_IDENTIFIER = com.juliuscanute.multiconfig;
				PRODUCT_NAME = multiconfig;
				SWIFT_VERSION = 4.0;
				TARGETED_DEVICE_FAMILY = "1,2";
				VALID_ARCHS = "arm64 armv7";
			};
			name = Debug;
		};
		F861D7FC207FA4100085E80D /* Release */ = {
			isa = XCBuildConfiguration;
			baseConfigurationReference = 74BB4CC789C2CB52074ED3ED /* Pods-iosApp.release.xcconfig */;
			buildSettings = {
				ASSETCATALOG_COMPILER_APPICON_NAME = AppIcon;
				CODE_SIGN_STYLE = Automatic;
				DEVELOPMENT_TEAM = W5L5PDU89L;
				ENABLE_BITCODE = NO;
				INFOPLIST_FILE = iosApp/Info.plist;
				LD_RUNPATH_SEARCH_PATHS = (
					"$(inherited)",
					"@executable_path/Frameworks",
				);
				OTHER_LDFLAGS = "-v";
				PRODUCT_BUNDLE_IDENTIFIER = com.juliuscanute.multiconfig;
				PRODUCT_NAME = multiconfig;
				SWIFT_VERSION = 4.0;
				TARGETED_DEVICE_FAMILY = "1,2";
				VALID_ARCHS = "arm64 armv7";
			};
			name = Release;
		};
		F861D7FE207FA4100085E80D /* Debug */ = {
			isa = XCBuildConfiguration;
			baseConfigurationReference = 173133E0DBAFA042D2186097 /* Pods-iosAppTests.debug.xcconfig */;
			buildSettings = {
				ALWAYS_EMBED_SWIFT_STANDARD_LIBRARIES = YES;
				BUNDLE_LOADER = "$(TEST_HOST)";
				CODE_SIGN_STYLE = Automatic;
				INFOPLIST_FILE = iosAppTests/Info.plist;
				LD_RUNPATH_SEARCH_PATHS = (
					"$(inherited)",
					"@executable_path/Frameworks",
					"@loader_path/Frameworks",
				);
				PRODUCT_BUNDLE_IDENTIFIER = com.example.iosAppTests;
				PRODUCT_NAME = "$(TARGET_NAME)";
				SWIFT_VERSION = 4.0;
				TARGETED_DEVICE_FAMILY = "1,2";
				TEST_HOST = "$(BUILT_PRODUCTS_DIR)/iosApp.app/iosApp";
			};
			name = Debug;
		};
		F861D7FF207FA4100085E80D /* Release */ = {
			isa = XCBuildConfiguration;
			baseConfigurationReference = 9A9A6A1A9D392D3042F67C14 /* Pods-iosAppTests.release.xcconfig */;
			buildSettings = {
				ALWAYS_EMBED_SWIFT_STANDARD_LIBRARIES = YES;
				BUNDLE_LOADER = "$(TEST_HOST)";
				CODE_SIGN_STYLE = Automatic;
				INFOPLIST_FILE = iosAppTests/Info.plist;
				LD_RUNPATH_SEARCH_PATHS = (
					"$(inherited)",
					"@executable_path/Frameworks",
					"@loader_path/Frameworks",
				);
				PRODUCT_BUNDLE_IDENTIFIER = com.example.iosAppTests;
				PRODUCT_NAME = "$(TARGET_NAME)";
				SWIFT_VERSION = 4.0;
				TARGETED_DEVICE_FAMILY = "1,2";
				TEST_HOST = "$(BUILT_PRODUCTS_DIR)/iosApp.app/iosApp";
			};
			name = Release;
		};
		F861D80F207FA4200085E80D /* Debug */ = {
			isa = XCBuildConfiguration;
			baseConfigurationReference = 08FCA3DC0B114B9D14BBE838 /* Pods-app.debug.xcconfig */;
			buildSettings = {
				CODE_SIGN_IDENTITY = "";
				CODE_SIGN_STYLE = Automatic;
				CURRENT_PROJECT_VERSION = 1;
				DEFINES_MODULE = YES;
				DYLIB_COMPATIBILITY_VERSION = 1;
				DYLIB_CURRENT_VERSION = 1;
				DYLIB_INSTALL_NAME_BASE = "@rpath";
				ENABLE_BITCODE = NO;
				INFOPLIST_FILE = "$(SRCROOT)/../app/Info.plist";
				INSTALL_PATH = "$(LOCAL_LIBRARY_DIR)/Frameworks";
				KOTLIN_BUILD_TYPE = DEBUG;
				KOTLIN_TARGET = "";
				"KOTLIN_TARGET[sdk=iphoneos*]" = ios;
				"KOTLIN_TARGET[sdk=iphonesimulator*]" = ios;
				LD_RUNPATH_SEARCH_PATHS = (
					"$(inherited)",
					"@executable_path/Frameworks",
					"@loader_path/Frameworks",
				);
				PRODUCT_BUNDLE_IDENTIFIER = com.example.app;
				PRODUCT_NAME = "$(TARGET_NAME:c99extidentifier)";
				SKIP_INSTALL = YES;
				SWIFT_VERSION = 4.0;
				TARGETED_DEVICE_FAMILY = "1,2";
				VERSIONING_SYSTEM = "apple-generic";
				VERSION_INFO_PREFIX = "";
			};
			name = Debug;
		};
		F861D810207FA4200085E80D /* Release */ = {
			isa = XCBuildConfiguration;
			baseConfigurationReference = F2C8A7ED1F0635966203BFC7 /* Pods-app.release.xcconfig */;
			buildSettings = {
				CODE_SIGN_IDENTITY = "";
				CODE_SIGN_STYLE = Automatic;
				CURRENT_PROJECT_VERSION = 1;
				DEFINES_MODULE = YES;
				DYLIB_COMPATIBILITY_VERSION = 1;
				DYLIB_CURRENT_VERSION = 1;
				DYLIB_INSTALL_NAME_BASE = "@rpath";
				ENABLE_BITCODE = NO;
				INFOPLIST_FILE = "$(SRCROOT)/../app/Info.plist";
				INSTALL_PATH = "$(LOCAL_LIBRARY_DIR)/Frameworks";
				KOTLIN_BUILD_TYPE = RELEASE;
				KOTLIN_TARGET = "";
				"KOTLIN_TARGET[sdk=iphoneos*]" = ios;
				"KOTLIN_TARGET[sdk=iphonesimulator*]" = ios;
				LD_RUNPATH_SEARCH_PATHS = (
					"$(inherited)",
					"@executable_path/Frameworks",
					"@loader_path/Frameworks",
				);
				PRODUCT_BUNDLE_IDENTIFIER = com.example.app;
				PRODUCT_NAME = "$(TARGET_NAME:c99extidentifier)";
				SKIP_INSTALL = YES;
				SWIFT_VERSION = 4.0;
				TARGETED_DEVICE_FAMILY = 1;
				VERSIONING_SYSTEM = "apple-generic";
				VERSION_INFO_PREFIX = "";
			};
			name = Release;
		};
/* End XCBuildConfiguration section */

/* Begin XCConfigurationList section */
		F861D7D8207FA40F0085E80D /* Build configuration list for PBXProject "iosApp" */ = {
			isa = XCConfigurationList;
			buildConfigurations = (
				F861D7F8207FA4100085E80D /* Debug */,
				F861D7F9207FA4100085E80D /* Release */,
			);
			defaultConfigurationIsVisible = 0;
			defaultConfigurationName = Release;
		};
		F861D7FA207FA4100085E80D /* Build configuration list for PBXNativeTarget "iosApp" */ = {
			isa = XCConfigurationList;
			buildConfigurations = (
				F861D7FB207FA4100085E80D /* Debug */,
				F861D7FC207FA4100085E80D /* Release */,
			);
			defaultConfigurationIsVisible = 0;
			defaultConfigurationName = Release;
		};
		F861D7FD207FA4100085E80D /* Build configuration list for PBXNativeTarget "iosAppTests" */ = {
			isa = XCConfigurationList;
			buildConfigurations = (
				F861D7FE207FA4100085E80D /* Debug */,
				F861D7FF207FA4100085E80D /* Release */,
			);
			defaultConfigurationIsVisible = 0;
			defaultConfigurationName = Release;
		};
		F861D80E207FA4200085E80D /* Build configuration list for PBXNativeTarget "app" */ = {
			isa = XCConfigurationList;
			buildConfigurations = (
				F861D80F207FA4200085E80D /* Debug */,
				F861D810207FA4200085E80D /* Release */,
			);
			defaultConfigurationIsVisible = 0;
			defaultConfigurationName = Release;
		};
/* End XCConfigurationList section */
	};
	rootObject = F861D7D5207FA40F0085E80D /* Project object */;
}
